
Microsoft Visual Studio Solution File, Format Version 11.00
# Visual Studio 2010
Project("{FAE04EC0-301F-11D3-BF4B-00C04F79EFBC}") = "CIV", "CIV\CIV.csproj", "{B942EAFF-F4F6-4FC4-A530-9C3EB9C52A16}"
EndProject
Project("{FAE04EC0-301F-11D3-BF4B-00C04F79EFBC}") = "CIV.Videotron", "CIV.Videotron\CIV.Videotron.csproj", "{7E4A8144-08D9-4B5B-9E2F-24941ACEBD89}"
EndProject
Project("{FAE04EC0-301F-11D3-BF4B-00C04F79EFBC}") = "CIV.DAL", "CIV.DAL\CIV.DAL.csproj", "{C3C98F78-8822-47E7-A906-A2F73D557021}"
EndProject
Project("{FAE04EC0-301F-11D3-BF4B-00C04F79EFBC}") = "CIV.LogFactory", "CIV.LogFactory\CIV.LogFactory.csproj", "{805EC5A0-5CA7-4F70-81D2-F93987220C06}"
EndProject
Project("{FAE04EC0-301F-11D3-BF4B-00C04F79EFBC}") = "CIV.Common", "CIV.Common\CIV.Common.csproj", "{189AFD7D-77A4-4127-AF49-869EB9395534}"
EndProject
Project("{FAE04EC0-301F-11D3-BF4B-00C04F79EFBC}") = "CIV.BOL", "CIV.BOL\CIV.BOL.csproj", "{FD6D5D9A-EC43-454B-A732-8F35F5989701}"
EndProject
Project("{54435603-DBB4-11D2-8724-00A0C9A8B90C}") = "CIVSetup", "CIVSetup\CIVSetup.vdproj", "{32FCEF01-BCD1-41F3-A83F-F4EBBC772C6A}"
EndProject
Project("{FAE04EC0-301F-11D3-BF4B-00C04F79EFBC}") = "CIV.CentralCenterClient", "CIV.CentralCenterClient\CIV.CentralCenterClient.csproj", "{95E57803-ACD1-4BA8-91C3-0EFDA8FA9862}"
EndProject
Global
	GlobalSection(SolutionConfigurationPlatforms) = preSolution
		CD_ROM|Any CPU = CD_ROM|Any CPU
		CD_ROM|Mixed Platforms = CD_ROM|Mixed Platforms
		CD_ROM|x86 = CD_ROM|x86
		Debug|Any CPU = Debug|Any CPU
		Debug|Mixed Platforms = Debug|Mixed Platforms
		Debug|x86 = Debug|x86
		DVD-5|Any CPU = DVD-5|Any CPU
		DVD-5|Mixed Platforms = DVD-5|Mixed Platforms
		DVD-5|x86 = DVD-5|x86
		Portable_x86|Any CPU = Portable_x86|Any CPU
		Portable_x86|Mixed Platforms = Portable_x86|Mixed Platforms
		Portable_x86|x86 = Portable_x86|x86
		Release|Any CPU = Release|Any CPU
		Release|Mixed Platforms = Release|Mixed Platforms
		Release|x86 = Release|x86
		SingleImage|Any CPU = SingleImage|Any CPU
		SingleImage|Mixed Platforms = SingleImage|Mixed Platforms
		SingleImage|x86 = SingleImage|x86
	EndGlobalSection
	GlobalSection(ProjectConfigurationPlatforms) = postSolution
		{B942EAFF-F4F6-4FC4-A530-9C3EB9C52A16}.CD_ROM|Any CPU.ActiveCfg = Release|x86
		{B942EAFF-F4F6-4FC4-A530-9C3EB9C52A16}.CD_ROM|Mixed Platforms.ActiveCfg = Release|x86
		{B942EAFF-F4F6-4FC4-A530-9C3EB9C52A16}.CD_ROM|Mixed Platforms.Build.0 = Release|x86
		{B942EAFF-F4F6-4FC4-A530-9C3EB9C52A16}.CD_ROM|x86.ActiveCfg = Release|x86
		{B942EAFF-F4F6-4FC4-A530-9C3EB9C52A16}.CD_ROM|x86.Build.0 = Release|x86
		{B942EAFF-F4F6-4FC4-A530-9C3EB9C52A16}.Debug|Any CPU.ActiveCfg = Debug|Any CPU
		{B942EAFF-F4F6-4FC4-A530-9C3EB9C52A16}.Debug|Any CPU.Build.0 = Debug|Any CPU
		{B942EAFF-F4F6-4FC4-A530-9C3EB9C52A16}.Debug|Mixed Platforms.ActiveCfg = Debug|x86
		{B942EAFF-F4F6-4FC4-A530-9C3EB9C52A16}.Debug|Mixed Platforms.Build.0 = Debug|x86
		{B942EAFF-F4F6-4FC4-A530-9C3EB9C52A16}.Debug|x86.ActiveCfg = Debug|x86
		{B942EAFF-F4F6-4FC4-A530-9C3EB9C52A16}.Debug|x86.Build.0 = Debug|x86
		{B942EAFF-F4F6-4FC4-A530-9C3EB9C52A16}.DVD-5|Any CPU.ActiveCfg = Debug|x86
		{B942EAFF-F4F6-4FC4-A530-9C3EB9C52A16}.DVD-5|Mixed Platforms.ActiveCfg = Debug|x86
		{B942EAFF-F4F6-4FC4-A530-9C3EB9C52A16}.DVD-5|Mixed Platforms.Build.0 = Debug|x86
		{B942EAFF-F4F6-4FC4-A530-9C3EB9C52A16}.DVD-5|x86.ActiveCfg = Debug|x86
		{B942EAFF-F4F6-4FC4-A530-9C3EB9C52A16}.DVD-5|x86.Build.0 = Debug|x86
		{B942EAFF-F4F6-4FC4-A530-9C3EB9C52A16}.Portable_x86|Any CPU.ActiveCfg = Portable_x86|Any CPU
		{B942EAFF-F4F6-4FC4-A530-9C3EB9C52A16}.Portable_x86|Any CPU.Build.0 = Portable_x86|Any CPU
		{B942EAFF-F4F6-4FC4-A530-9C3EB9C52A16}.Portable_x86|Mixed Platforms.ActiveCfg = Portable_x86|x86
		{B942EAFF-F4F6-4FC4-A530-9C3EB9C52A16}.Portable_x86|Mixed Platforms.Build.0 = Portable_x86|x86
		{B942EAFF-F4F6-4FC4-A530-9C3EB9C52A16}.Portable_x86|x86.ActiveCfg = Portable_x86|x86
		{B942EAFF-F4F6-4FC4-A530-9C3EB9C52A16}.Portable_x86|x86.Build.0 = Portable_x86|x86
		{B942EAFF-F4F6-4FC4-A530-9C3EB9C52A16}.Release|Any CPU.ActiveCfg = Release|x86
		{B942EAFF-F4F6-4FC4-A530-9C3EB9C52A16}.Release|Mixed Platforms.ActiveCfg = Release|x86
		{B942EAFF-F4F6-4FC4-A530-9C3EB9C52A16}.Release|Mixed Platforms.Build.0 = Release|x86
		{B942EAFF-F4F6-4FC4-A530-9C3EB9C52A16}.Release|x86.ActiveCfg = Release|x86
		{B942EAFF-F4F6-4FC4-A530-9C3EB9C52A16}.Release|x86.Build.0 = Release|x86
		{B942EAFF-F4F6-4FC4-A530-9C3EB9C52A16}.SingleImage|Any CPU.ActiveCfg = Release|x86
		{B942EAFF-F4F6-4FC4-A530-9C3EB9C52A16}.SingleImage|Mixed Platforms.ActiveCfg = Release|x86
		{B942EAFF-F4F6-4FC4-A530-9C3EB9C52A16}.SingleImage|Mixed Platforms.Build.0 = Release|x86
		{B942EAFF-F4F6-4FC4-A530-9C3EB9C52A16}.SingleImage|x86.ActiveCfg = Release|x86
		{B942EAFF-F4F6-4FC4-A530-9C3EB9C52A16}.SingleImage|x86.Build.0 = Release|x86
		{7E4A8144-08D9-4B5B-9E2F-24941ACEBD89}.CD_ROM|Any CPU.ActiveCfg = Release|Any CPU
		{7E4A8144-08D9-4B5B-9E2F-24941ACEBD89}.CD_ROM|Any CPU.Build.0 = Release|Any CPU
		{7E4A8144-08D9-4B5B-9E2F-24941ACEBD89}.CD_ROM|Mixed Platforms.ActiveCfg = Release|Any CPU
		{7E4A8144-08D9-4B5B-9E2F-24941ACEBD89}.CD_ROM|Mixed Platforms.Build.0 = Release|Any CPU
		{7E4A8144-08D9-4B5B-9E2F-24941ACEBD89}.CD_ROM|x86.ActiveCfg = Release|Any CPU
		{7E4A8144-08D9-4B5B-9E2F-24941ACEBD89}.Debug|Any CPU.ActiveCfg = Debug|Any CPU
		{7E4A8144-08D9-4B5B-9E2F-24941ACEBD89}.Debug|Any CPU.Build.0 = Debug|Any CPU
		{7E4A8144-08D9-4B5B-9E2F-24941ACEBD89}.Debug|Mixed Platforms.ActiveCfg = Debug|Any CPU
		{7E4A8144-08D9-4B5B-9E2F-24941ACEBD89}.Debug|Mixed Platforms.Build.0 = Debug|Any CPU
		{7E4A8144-08D9-4B5B-9E2F-24941ACEBD89}.Debug|x86.ActiveCfg = Debug|Any CPU
		{7E4A8144-08D9-4B5B-9E2F-24941ACEBD89}.DVD-5|Any CPU.ActiveCfg = Debug|Any CPU
		{7E4A8144-08D9-4B5B-9E2F-24941ACEBD89}.DVD-5|Any CPU.Build.0 = Debug|Any CPU
		{7E4A8144-08D9-4B5B-9E2F-24941ACEBD89}.DVD-5|Mixed Platforms.ActiveCfg = Debug|Any CPU
		{7E4A8144-08D9-4B5B-9E2F-24941ACEBD89}.DVD-5|Mixed Platforms.Build.0 = Debug|Any CPU
		{7E4A8144-08D9-4B5B-9E2F-24941ACEBD89}.DVD-5|x86.ActiveCfg = Debug|Any CPU
		{7E4A8144-08D9-4B5B-9E2F-24941ACEBD89}.Portable_x86|Any CPU.ActiveCfg = Portable_x86|Any CPU
		{7E4A8144-08D9-4B5B-9E2F-24941ACEBD89}.Portable_x86|Any CPU.Build.0 = Portable_x86|Any CPU
		{7E4A8144-08D9-4B5B-9E2F-24941ACEBD89}.Portable_x86|Mixed Platforms.ActiveCfg = Portable_x86|Any CPU
		{7E4A8144-08D9-4B5B-9E2F-24941ACEBD89}.Portable_x86|Mixed Platforms.Build.0 = Portable_x86|Any CPU
		{7E4A8144-08D9-4B5B-9E2F-24941ACEBD89}.Portable_x86|x86.ActiveCfg = Portable_x86|Any CPU
		{7E4A8144-08D9-4B5B-9E2F-24941ACEBD89}.Release|Any CPU.ActiveCfg = Release|Any CPU
		{7E4A8144-08D9-4B5B-9E2F-24941ACEBD89}.Release|Any CPU.Build.0 = Release|Any CPU
		{7E4A8144-08D9-4B5B-9E2F-24941ACEBD89}.Release|Mixed Platforms.ActiveCfg = Release|Any CPU
		{7E4A8144-08D9-4B5B-9E2F-24941ACEBD89}.Release|Mixed Platforms.Build.0 = Release|Any CPU
		{7E4A8144-08D9-4B5B-9E2F-24941ACEBD89}.Release|x86.ActiveCfg = Release|Any CPU
		{7E4A8144-08D9-4B5B-9E2F-24941ACEBD89}.SingleImage|Any CPU.ActiveCfg = Release|Any CPU
		{7E4A8144-08D9-4B5B-9E2F-24941ACEBD89}.SingleImage|Any CPU.Build.0 = Release|Any CPU
		{7E4A8144-08D9-4B5B-9E2F-24941ACEBD89}.SingleImage|Mixed Platforms.ActiveCfg = Release|Any CPU
		{7E4A8144-08D9-4B5B-9E2F-24941ACEBD89}.SingleImage|Mixed Platforms.Build.0 = Release|Any CPU
		{7E4A8144-08D9-4B5B-9E2F-24941ACEBD89}.SingleImage|x86.ActiveCfg = Release|Any CPU
		{C3C98F78-8822-47E7-A906-A2F73D557021}.CD_ROM|Any CPU.ActiveCfg = Release|Any CPU
		{C3C98F78-8822-47E7-A906-A2F73D557021}.CD_ROM|Any CPU.Build.0 = Release|Any CPU
		{C3C98F78-8822-47E7-A906-A2F73D557021}.CD_ROM|Mixed Platforms.ActiveCfg = Release|Any CPU
		{C3C98F78-8822-47E7-A906-A2F73D557021}.CD_ROM|Mixed Platforms.Build.0 = Release|Any CPU
		{C3C98F78-8822-47E7-A906-A2F73D557021}.CD_ROM|x86.ActiveCfg = Release|Any CPU
		{C3C98F78-8822-47E7-A906-A2F73D557021}.Debug|Any CPU.ActiveCfg = Debug|Any CPU
		{C3C98F78-8822-47E7-A906-A2F73D557021}.Debug|Any CPU.Build.0 = Debug|Any CPU
		{C3C98F78-8822-47E7-A906-A2F73D557021}.Debug|Mixed Platforms.ActiveCfg = Debug|Any CPU
		{C3C98F78-8822-47E7-A906-A2F73D557021}.Debug|Mixed Platforms.Build.0 = Debug|Any CPU
		{C3C98F78-8822-47E7-A906-A2F73D557021}.Debug|x86.ActiveCfg = Debug|Any CPU
		{C3C98F78-8822-47E7-A906-A2F73D557021}.DVD-5|Any CPU.ActiveCfg = Debug|Any CPU
		{C3C98F78-8822-47E7-A906-A2F73D557021}.DVD-5|Any CPU.Build.0 = Debug|Any CPU
		{C3C98F78-8822-47E7-A906-A2F73D557021}.DVD-5|Mixed Platforms.ActiveCfg = Debug|Any CPU
		{C3C98F78-8822-47E7-A906-A2F73D557021}.DVD-5|Mixed Platforms.Build.0 = Debug|Any CPU
		{C3C98F78-8822-47E7-A906-A2F73D557021}.DVD-5|x86.ActiveCfg = Debug|Any CPU
		{C3C98F78-8822-47E7-A906-A2F73D557021}.Portable_x86|Any CPU.ActiveCfg = Portable_x86|Any CPU
		{C3C98F78-8822-47E7-A906-A2F73D557021}.Portable_x86|Any CPU.Build.0 = Portable_x86|Any CPU
		{C3C98F78-8822-47E7-A906-A2F73D557021}.Portable_x86|Mixed Platforms.ActiveCfg = Portable_x86|Any CPU
		{C3C98F78-8822-47E7-A906-A2F73D557021}.Portable_x86|Mixed Platforms.Build.0 = Portable_x86|Any CPU
		{C3C98F78-8822-47E7-A906-A2F73D557021}.Portable_x86|x86.ActiveCfg = Portable_x86|Any CPU
		{C3C98F78-8822-47E7-A906-A2F73D557021}.Release|Any CPU.ActiveCfg = Release|Any CPU
		{C3C98F78-8822-47E7-A906-A2F73D557021}.Release|Any CPU.Build.0 = Release|Any CPU
		{C3C98F78-8822-47E7-A906-A2F73D557021}.Release|Mixed Platforms.ActiveCfg = Release|Any CPU
		{C3C98F78-8822-47E7-A906-A2F73D557021}.Release|Mixed Platforms.Build.0 = Release|Any CPU
		{C3C98F78-8822-47E7-A906-A2F73D557021}.Release|x86.ActiveCfg = Release|Any CPU
		{C3C98F78-8822-47E7-A906-A2F73D557021}.SingleImage|Any CPU.ActiveCfg = Release|Any CPU
		{C3C98F78-8822-47E7-A906-A2F73D557021}.SingleImage|Any CPU.Build.0 = Release|Any CPU
		{C3C98F78-8822-47E7-A906-A2F73D557021}.SingleImage|Mixed Platforms.ActiveCfg = Release|Any CPU
		{C3C98F78-8822-47E7-A906-A2F73D557021}.SingleImage|Mixed Platforms.Build.0 = Release|Any CPU
		{C3C98F78-8822-47E7-A906-A2F73D557021}.SingleImage|x86.ActiveCfg = Release|Any CPU
		{805EC5A0-5CA7-4F70-81D2-F93987220C06}.CD_ROM|Any CPU.ActiveCfg = Release|Any CPU
		{805EC5A0-5CA7-4F70-81D2-F93987220C06}.CD_ROM|Any CPU.Build.0 = Release|Any CPU
		{805EC5A0-5CA7-4F70-81D2-F93987220C06}.CD_ROM|Mixed Platforms.ActiveCfg = Release|Any CPU
		{805EC5A0-5CA7-4F70-81D2-F93987220C06}.CD_ROM|Mixed Platforms.Build.0 = Release|Any CPU
		{805EC5A0-5CA7-4F70-81D2-F93987220C06}.CD_ROM|x86.ActiveCfg = Release|Any CPU
		{805EC5A0-5CA7-4F70-81D2-F93987220C06}.Debug|Any CPU.ActiveCfg = Debug|Any CPU
		{805EC5A0-5CA7-4F70-81D2-F93987220C06}.Debug|Any CPU.Build.0 = Debug|Any CPU
		{805EC5A0-5CA7-4F70-81D2-F93987220C06}.Debug|Mixed Platforms.ActiveCfg = Debug|Any CPU
		{805EC5A0-5CA7-4F70-81D2-F93987220C06}.Debug|Mixed Platforms.Build.0 = Debug|Any CPU
		{805EC5A0-5CA7-4F70-81D2-F93987220C06}.Debug|x86.ActiveCfg = Debug|Any CPU
		{805EC5A0-5CA7-4F70-81D2-F93987220C06}.DVD-5|Any CPU.ActiveCfg = Debug|Any CPU
		{805EC5A0-5CA7-4F70-81D2-F93987220C06}.DVD-5|Any CPU.Build.0 = Debug|Any CPU
		{805EC5A0-5CA7-4F70-81D2-F93987220C06}.DVD-5|Mixed Platforms.ActiveCfg = Debug|Any CPU
		{805EC5A0-5CA7-4F70-81D2-F93987220C06}.DVD-5|Mixed Platforms.Build.0 = Debug|Any CPU
		{805EC5A0-5CA7-4F70-81D2-F93987220C06}.DVD-5|x86.ActiveCfg = Debug|Any CPU
		{805EC5A0-5CA7-4F70-81D2-F93987220C06}.Portable_x86|Any CPU.ActiveCfg = Portable_x86|Any CPU
		{805EC5A0-5CA7-4F70-81D2-F93987220C06}.Portable_x86|Any CPU.Build.0 = Portable_x86|Any CPU
		{805EC5A0-5CA7-4F70-81D2-F93987220C06}.Portable_x86|Mixed Platforms.ActiveCfg = Portable_x86|Any CPU
		{805EC5A0-5CA7-4F70-81D2-F93987220C06}.Portable_x86|Mixed Platforms.Build.0 = Portable_x86|Any CPU
		{805EC5A0-5CA7-4F70-81D2-F93987220C06}.Portable_x86|x86.ActiveCfg = Portable_x86|Any CPU
		{805EC5A0-5CA7-4F70-81D2-F93987220C06}.Release|Any CPU.ActiveCfg = Release|Any CPU
		{805EC5A0-5CA7-4F70-81D2-F93987220C06}.Release|Any CPU.Build.0 = Release|Any CPU
		{805EC5A0-5CA7-4F70-81D2-F93987220C06}.Release|Mixed Platforms.ActiveCfg = Release|Any CPU
		{805EC5A0-5CA7-4F70-81D2-F93987220C06}.Release|Mixed Platforms.Build.0 = Release|Any CPU
		{805EC5A0-5CA7-4F70-81D2-F93987220C06}.Release|x86.ActiveCfg = Release|Any CPU
		{805EC5A0-5CA7-4F70-81D2-F93987220C06}.SingleImage|Any CPU.ActiveCfg = Release|Any CPU
		{805EC5A0-5CA7-4F70-81D2-F93987220C06}.SingleImage|Any CPU.Build.0 = Release|Any CPU
		{805EC5A0-5CA7-4F70-81D2-F93987220C06}.SingleImage|Mixed Platforms.ActiveCfg = Release|Any CPU
		{805EC5A0-5CA7-4F70-81D2-F93987220C06}.SingleImage|Mixed Platforms.Build.0 = Release|Any CPU
		{805EC5A0-5CA7-4F70-81D2-F93987220C06}.SingleImage|x86.ActiveCfg = Release|Any CPU
		{189AFD7D-77A4-4127-AF49-869EB9395534}.CD_ROM|Any CPU.ActiveCfg = Release|Any CPU
		{189AFD7D-77A4-4127-AF49-869EB9395534}.CD_ROM|Any CPU.Build.0 = Release|Any CPU
		{189AFD7D-77A4-4127-AF49-869EB9395534}.CD_ROM|Mixed Platforms.ActiveCfg = Release|Any CPU
		{189AFD7D-77A4-4127-AF49-869EB9395534}.CD_ROM|Mixed Platforms.Build.0 = Release|Any CPU
		{189AFD7D-77A4-4127-AF49-869EB9395534}.CD_ROM|x86.ActiveCfg = Release|Any CPU
		{189AFD7D-77A4-4127-AF49-869EB9395534}.Debug|Any CPU.ActiveCfg = Debug|Any CPU
		{189AFD7D-77A4-4127-AF49-869EB9395534}.Debug|Any CPU.Build.0 = Debug|Any CPU
		{189AFD7D-77A4-4127-AF49-869EB9395534}.Debug|Mixed Platforms.ActiveCfg = Debug|Any CPU
		{189AFD7D-77A4-4127-AF49-869EB9395534}.Debug|Mixed Platforms.Build.0 = Debug|Any CPU
		{189AFD7D-77A4-4127-AF49-869EB9395534}.Debug|x86.ActiveCfg = Debug|Any CPU
		{189AFD7D-77A4-4127-AF49-869EB9395534}.DVD-5|Any CPU.ActiveCfg = Debug|Any CPU
		{189AFD7D-77A4-4127-AF49-869EB9395534}.DVD-5|Any CPU.Build.0 = Debug|Any CPU
		{189AFD7D-77A4-4127-AF49-869EB9395534}.DVD-5|Mixed Platforms.ActiveCfg = Debug|Any CPU
		{189AFD7D-77A4-4127-AF49-869EB9395534}.DVD-5|Mixed Platforms.Build.0 = Debug|Any CPU
		{189AFD7D-77A4-4127-AF49-869EB9395534}.DVD-5|x86.ActiveCfg = Debug|Any CPU
		{189AFD7D-77A4-4127-AF49-869EB9395534}.Portable_x86|Any CPU.ActiveCfg = Portable_x86|Any CPU
		{189AFD7D-77A4-4127-AF49-869EB9395534}.Portable_x86|Any CPU.Build.0 = Portable_x86|Any CPU
		{189AFD7D-77A4-4127-AF49-869EB9395534}.Portable_x86|Mixed Platforms.ActiveCfg = Portable_x86|Any CPU
		{189AFD7D-77A4-4127-AF49-869EB9395534}.Portable_x86|Mixed Platforms.Build.0 = Portable_x86|Any CPU
		{189AFD7D-77A4-4127-AF49-869EB9395534}.Portable_x86|x86.ActiveCfg = Portable_x86|Any CPU
		{189AFD7D-77A4-4127-AF49-869EB9395534}.Release|Any CPU.ActiveCfg = Release|Any CPU
		{189AFD7D-77A4-4127-AF49-869EB9395534}.Release|Any CPU.Build.0 = Release|Any CPU
		{189AFD7D-77A4-4127-AF49-869EB9395534}.Release|Mixed Platforms.ActiveCfg = Release|Any CPU
		{189AFD7D-77A4-4127-AF49-869EB9395534}.Release|Mixed Platforms.Build.0 = Release|Any CPU
		{189AFD7D-77A4-4127-AF49-869EB9395534}.Release|x86.ActiveCfg = Release|Any CPU
		{189AFD7D-77A4-4127-AF49-869EB9395534}.SingleImage|Any CPU.ActiveCfg = Release|Any CPU
		{189AFD7D-77A4-4127-AF49-869EB9395534}.SingleImage|Any CPU.Build.0 = Release|Any CPU
		{189AFD7D-77A4-4127-AF49-869EB9395534}.SingleImage|Mixed Platforms.ActiveCfg = Release|Any CPU
		{189AFD7D-77A4-4127-AF49-869EB9395534}.SingleImage|Mixed Platforms.Build.0 = Release|Any CPU
		{189AFD7D-77A4-4127-AF49-869EB9395534}.SingleImage|x86.ActiveCfg = Release|Any CPU
		{FD6D5D9A-EC43-454B-A732-8F35F5989701}.CD_ROM|Any CPU.ActiveCfg = Release|Any CPU
		{FD6D5D9A-EC43-454B-A732-8F35F5989701}.CD_ROM|Any CPU.Build.0 = Release|Any CPU
		{FD6D5D9A-EC43-454B-A732-8F35F5989701}.CD_ROM|Mixed Platforms.ActiveCfg = Release|Any CPU
		{FD6D5D9A-EC43-454B-A732-8F35F5989701}.CD_ROM|Mixed Platforms.Build.0 = Release|Any CPU
		{FD6D5D9A-EC43-454B-A732-8F35F5989701}.CD_ROM|x86.ActiveCfg = Release|Any CPU
		{FD6D5D9A-EC43-454B-A732-8F35F5989701}.Debug|Any CPU.ActiveCfg = Debug|Any CPU
		{FD6D5D9A-EC43-454B-A732-8F35F5989701}.Debug|Any CPU.Build.0 = Debug|Any CPU
		{FD6D5D9A-EC43-454B-A732-8F35F5989701}.Debug|Mixed Platforms.ActiveCfg = Debug|Any CPU
		{FD6D5D9A-EC43-454B-A732-8F35F5989701}.Debug|Mixed Platforms.Build.0 = Debug|Any CPU
		{FD6D5D9A-EC43-454B-A732-8F35F5989701}.Debug|x86.ActiveCfg = Debug|Any CPU
		{FD6D5D9A-EC43-454B-A732-8F35F5989701}.DVD-5|Any CPU.ActiveCfg = Debug|Any CPU
		{FD6D5D9A-EC43-454B-A732-8F35F5989701}.DVD-5|Any CPU.Build.0 = Debug|Any CPU
		{FD6D5D9A-EC43-454B-A732-8F35F5989701}.DVD-5|Mixed Platforms.ActiveCfg = Debug|Any CPU
		{FD6D5D9A-EC43-454B-A732-8F35F5989701}.DVD-5|Mixed Platforms.Build.0 = Debug|Any CPU
		{FD6D5D9A-EC43-454B-A732-8F35F5989701}.DVD-5|x86.ActiveCfg = Debug|Any CPU
		{FD6D5D9A-EC43-454B-A732-8F35F5989701}.Portable_x86|Any CPU.ActiveCfg = Portable_x86|Any CPU
		{FD6D5D9A-EC43-454B-A732-8F35F5989701}.Portable_x86|Any CPU.Build.0 = Portable_x86|Any CPU
		{FD6D5D9A-EC43-454B-A732-8F35F5989701}.Portable_x86|Mixed Platforms.ActiveCfg = Portable_x86|Any CPU
		{FD6D5D9A-EC43-454B-A732-8F35F5989701}.Portable_x86|Mixed Platforms.Build.0 = Portable_x86|Any CPU
		{FD6D5D9A-EC43-454B-A732-8F35F5989701}.Portable_x86|x86.ActiveCfg = Portable_x86|Any CPU
		{FD6D5D9A-EC43-454B-A732-8F35F5989701}.Release|Any CPU.ActiveCfg = Release|Any CPU
		{FD6D5D9A-EC43-454B-A732-8F35F5989701}.Release|Any CPU.Build.0 = Release|Any CPU
		{FD6D5D9A-EC43-454B-A732-8F35F5989701}.Release|Mixed Platforms.ActiveCfg = Release|Any CPU
		{FD6D5D9A-EC43-454B-A732-8F35F5989701}.Release|Mixed Platforms.Build.0 = Release|Any CPU
		{FD6D5D9A-EC43-454B-A732-8F35F5989701}.Release|x86.ActiveCfg = Release|Any CPU
		{FD6D5D9A-EC43-454B-A732-8F35F5989701}.SingleImage|Any CPU.ActiveCfg = Release|Any CPU
		{FD6D5D9A-EC43-454B-A732-8F35F5989701}.SingleImage|Any CPU.Build.0 = Release|Any CPU
		{FD6D5D9A-EC43-454B-A732-8F35F5989701}.SingleImage|Mixed Platforms.ActiveCfg = Release|Any CPU
		{FD6D5D9A-EC43-454B-A732-8F35F5989701}.SingleImage|Mixed Platforms.Build.0 = Release|Any CPU
		{FD6D5D9A-EC43-454B-A732-8F35F5989701}.SingleImage|x86.ActiveCfg = Release|Any CPU
		{32FCEF01-BCD1-41F3-A83F-F4EBBC772C6A}.CD_ROM|Any CPU.ActiveCfg = Release
		{32FCEF01-BCD1-41F3-A83F-F4EBBC772C6A}.CD_ROM|Mixed Platforms.ActiveCfg = Release
		{32FCEF01-BCD1-41F3-A83F-F4EBBC772C6A}.CD_ROM|x86.ActiveCfg = Release
		{32FCEF01-BCD1-41F3-A83F-F4EBBC772C6A}.Debug|Any CPU.ActiveCfg = Debug
		{32FCEF01-BCD1-41F3-A83F-F4EBBC772C6A}.Debug|Mixed Platforms.ActiveCfg = Debug
		{32FCEF01-BCD1-41F3-A83F-F4EBBC772C6A}.Debug|x86.ActiveCfg = Debug
		{32FCEF01-BCD1-41F3-A83F-F4EBBC772C6A}.DVD-5|Any CPU.ActiveCfg = Debug
		{32FCEF01-BCD1-41F3-A83F-F4EBBC772C6A}.DVD-5|Mixed Platforms.ActiveCfg = Debug
		{32FCEF01-BCD1-41F3-A83F-F4EBBC772C6A}.DVD-5|x86.ActiveCfg = Debug
		{32FCEF01-BCD1-41F3-A83F-F4EBBC772C6A}.Portable_x86|Any CPU.ActiveCfg = Portable_x86
		{32FCEF01-BCD1-41F3-A83F-F4EBBC772C6A}.Portable_x86|Mixed Platforms.ActiveCfg = Portable_x86
		{32FCEF01-BCD1-41F3-A83F-F4EBBC772C6A}.Portable_x86|Mixed Platforms.Build.0 = Portable_x86
		{32FCEF01-BCD1-41F3-A83F-F4EBBC772C6A}.Portable_x86|x86.ActiveCfg = Portable_x86
		{32FCEF01-BCD1-41F3-A83F-F4EBBC772C6A}.Portable_x86|x86.Build.0 = Portable_x86
		{32FCEF01-BCD1-41F3-A83F-F4EBBC772C6A}.Release|Any CPU.ActiveCfg = Release
		{32FCEF01-BCD1-41F3-A83F-F4EBBC772C6A}.Release|Mixed Platforms.ActiveCfg = Release
		{32FCEF01-BCD1-41F3-A83F-F4EBBC772C6A}.Release|x86.ActiveCfg = Release
		{32FCEF01-BCD1-41F3-A83F-F4EBBC772C6A}.SingleImage|Any CPU.ActiveCfg = Release
		{32FCEF01-BCD1-41F3-A83F-F4EBBC772C6A}.SingleImage|Mixed Platforms.ActiveCfg = Release
		{32FCEF01-BCD1-41F3-A83F-F4EBBC772C6A}.SingleImage|x86.ActiveCfg = Release
		{95E57803-ACD1-4BA8-91C3-0EFDA8FA9862}.CD_ROM|Any CPU.ActiveCfg = Release|Any CPU
		{95E57803-ACD1-4BA8-91C3-0EFDA8FA9862}.CD_ROM|Any CPU.Build.0 = Release|Any CPU
		{95E57803-ACD1-4BA8-91C3-0EFDA8FA9862}.CD_ROM|Mixed Platforms.ActiveCfg = Release|Any CPU
		{95E57803-ACD1-4BA8-91C3-0EFDA8FA9862}.CD_ROM|Mixed Platforms.Build.0 = Release|Any CPU
		{95E57803-ACD1-4BA8-91C3-0EFDA8FA9862}.CD_ROM|x86.ActiveCfg = Release|Any CPU
		{95E57803-ACD1-4BA8-91C3-0EFDA8FA9862}.Debug|Any CPU.ActiveCfg = Debug|Any CPU
		{95E57803-ACD1-4BA8-91C3-0EFDA8FA9862}.Debug|Any CPU.Build.0 = Debug|Any CPU
		{95E57803-ACD1-4BA8-91C3-0EFDA8FA9862}.Debug|Mixed Platforms.ActiveCfg = Debug|Any CPU
		{95E57803-ACD1-4BA8-91C3-0EFDA8FA9862}.Debug|Mixed Platforms.Build.0 = Debug|Any CPU
		{95E57803-ACD1-4BA8-91C3-0EFDA8FA9862}.Debug|x86.ActiveCfg = Debug|Any CPU
		{95E57803-ACD1-4BA8-91C3-0EFDA8FA9862}.DVD-5|Any CPU.ActiveCfg = Debug|Any CPU
		{95E57803-ACD1-4BA8-91C3-0EFDA8FA9862}.DVD-5|Any CPU.Build.0 = Debug|Any CPU
		{95E57803-ACD1-4BA8-91C3-0EFDA8FA9862}.DVD-5|Mixed Platforms.ActiveCfg = Debug|Any CPU
		{95E57803-ACD1-4BA8-91C3-0EFDA8FA9862}.DVD-5|Mixed Platforms.Build.0 = Debug|Any CPU
		{95E57803-ACD1-4BA8-91C3-0EFDA8FA9862}.DVD-5|x86.ActiveCfg = Debug|Any CPU
		{95E57803-ACD1-4BA8-91C3-0EFDA8FA9862}.Portable_x86|Any CPU.ActiveCfg = Portable_x86|Any CPU
		{95E57803-ACD1-4BA8-91C3-0EFDA8FA9862}.Portable_x86|Any CPU.Build.0 = Portable_x86|Any CPU
		{95E57803-ACD1-4BA8-91C3-0EFDA8FA9862}.Portable_x86|Mixed Platforms.ActiveCfg = Portable_x86|Any CPU
		{95E57803-ACD1-4BA8-91C3-0EFDA8FA9862}.Portable_x86|Mixed Platforms.Build.0 = Portable_x86|Any CPU
		{95E57803-ACD1-4BA8-91C3-0EFDA8FA9862}.Portable_x86|x86.ActiveCfg = Portable_x86|Any CPU
		{95E57803-ACD1-4BA8-91C3-0EFDA8FA9862}.Release|Any CPU.ActiveCfg = Release|Any CPU
		{95E57803-ACD1-4BA8-91C3-0EFDA8FA9862}.Release|Any CPU.Build.0 = Release|Any CPU
		{95E57803-ACD1-4BA8-91C3-0EFDA8FA9862}.Release|Mixed Platforms.ActiveCfg = Release|Any CPU
		{95E57803-ACD1-4BA8-91C3-0EFDA8FA9862}.Release|Mixed Platforms.Build.0 = Release|Any CPU
		{95E57803-ACD1-4BA8-91C3-0EFDA8FA9862}.Release|x86.ActiveCfg = Release|Any CPU
		{95E57803-ACD1-4BA8-91C3-0EFDA8FA9862}.SingleImage|Any CPU.ActiveCfg = Release|Any CPU
		{95E57803-ACD1-4BA8-91C3-0EFDA8FA9862}.SingleImage|Any CPU.Build.0 = Release|Any CPU
		{95E57803-ACD1-4BA8-91C3-0EFDA8FA9862}.SingleImage|Mixed Platforms.ActiveCfg = Release|Any CPU
		{95E57803-ACD1-4BA8-91C3-0EFDA8FA9862}.SingleImage|Mixed Platforms.Build.0 = Release|Any CPU
		{95E57803-ACD1-4BA8-91C3-0EFDA8FA9862}.SingleImage|x86.ActiveCfg = Release|Any CPU
	EndGlobalSection
	GlobalSection(SolutionProperties) = preSolution
		HideSolutionNode = FALSE
	EndGlobalSection
EndGlobal
